// !$*UTF8*$!
{
	archiveVersion = 1;
	classes = {
	};
	objectVersion = 51;
	objects = {

/* Begin PBXBuildFile section */
		A6C26DD82663701200D6CFCB /* AppDelegate.swift in Sources */ = {isa = PBXBuildFile; fileRef = A6C26DD72663701200D6CFCB /* AppDelegate.swift */; };
		A6C26DDA2663701200D6CFCB /* SceneDelegate.swift in Sources */ = {isa = PBXBuildFile; fileRef = A6C26DD92663701200D6CFCB /* SceneDelegate.swift */; };
		A6C26DDC2663701200D6CFCB /* ViewController.swift in Sources */ = {isa = PBXBuildFile; fileRef = A6C26DDB2663701200D6CFCB /* ViewController.swift */; };
		A6C26DDF2663701200D6CFCB /* Main.storyboard in Resources */ = {isa = PBXBuildFile; fileRef = A6C26DDD2663701200D6CFCB /* Main.storyboard */; };
		A6C26DE12663701600D6CFCB /* Assets.xcassets in Resources */ = {isa = PBXBuildFile; fileRef = A6C26DE02663701600D6CFCB /* Assets.xcassets */; };
		A6C26DE42663701600D6CFCB /* LaunchScreen.storyboard in Resources */ = {isa = PBXBuildFile; fileRef = A6C26DE22663701600D6CFCB /* LaunchScreen.storyboard */; };
		A7E36546DEC06E0698138DE6 /* Pods_Kadai4.framework in Frameworks */ = {isa = PBXBuildFile; fileRef = BE9FB4A2195834E23A6CE824 /* Pods_Kadai4.framework */; };
/* End PBXBuildFile section */

/* Begin PBXFileReference section */
		A6C26DD42663701200D6CFCB /* Kadai4.app */ = {isa = PBXFileReference; explicitFileType = wrapper.application; includeInIndex = 0; path = Kadai4.app; sourceTree = BUILT_PRODUCTS_DIR; };
		A6C26DD72663701200D6CFCB /* AppDelegate.swift */ = {isa = PBXFileReference; lastKnownFileType = sourcecode.swift; path = AppDelegate.swift; sourceTree = "<group>"; };
		A6C26DD92663701200D6CFCB /* SceneDelegate.swift */ = {isa = PBXFileReference; lastKnownFileType = sourcecode.swift; path = SceneDelegate.swift; sourceTree = "<group>"; };
		A6C26DDB2663701200D6CFCB /* ViewController.swift */ = {isa = PBXFileReference; lastKnownFileType = sourcecode.swift; path = ViewController.swift; sourceTree = "<group>"; };
		A6C26DDE2663701200D6CFCB /* Base */ = {isa = PBXFileReference; lastKnownFileType = file.storyboard; name = Base; path = Base.lproj/Main.storyboard; sourceTree = "<group>"; };
		A6C26DE02663701600D6CFCB /* Assets.xcassets */ = {isa = PBXFileReference; lastKnownFileType = folder.assetcatalog; path = Assets.xcassets; sourceTree = "<group>"; };
		A6C26DE32663701600D6CFCB /* Base */ = {isa = PBXFileReference; lastKnownFileType = file.storyboard; name = Base; path = Base.lproj/LaunchScreen.storyboard; sourceTree = "<group>"; };
		A6C26DE52663701600D6CFCB /* Info.plist */ = {isa = PBXFileReference; lastKnownFileType = text.plist.xml; path = Info.plist; sourceTree = "<group>"; };
		ABADFAF3E665C1B19B36C9E4 /* Pods-Kadai4.debug.xcconfig */ = {isa = PBXFileReference; includeInIndex = 1; lastKnownFileType = text.xcconfig; name = "Pods-Kadai4.debug.xcconfig"; path = "Target Support Files/Pods-Kadai4/Pods-Kadai4.debug.xcconfig"; sourceTree = "<group>"; };
		BE9FB4A2195834E23A6CE824 /* Pods_Kadai4.framework */ = {isa = PBXFileReference; explicitFileType = wrapper.framework; includeInIndex = 0; path = Pods_Kadai4.framework; sourceTree = BUILT_PRODUCTS_DIR; };
		C8CCB2480D167B435A527B8D /* Pods-Kadai4.release.xcconfig */ = {isa = PBXFileReference; includeInIndex = 1; lastKnownFileType = text.xcconfig; name = "Pods-Kadai4.release.xcconfig"; path = "Target Support Files/Pods-Kadai4/Pods-Kadai4.release.xcconfig"; sourceTree = "<group>"; };
/* End PBXFileReference section */

/* Begin PBXFrameworksBuildPhase section */
		A6C26DD12663701200D6CFCB /* Frameworks */ = {
			isa = PBXFrameworksBuildPhase;
			buildActionMask = 2147483647;
			files = (
				A7E36546DEC06E0698138DE6 /* Pods_Kadai4.framework in Frameworks */,
			);
			runOnlyForDeploymentPostprocessing = 0;
		};
/* End PBXFrameworksBuildPhase section */

/* Begin PBXGroup section */
		69CFFF6EFF705E92E8D36627 /* Pods */ = {
			isa = PBXGroup;
			children = (
				ABADFAF3E665C1B19B36C9E4 /* Pods-Kadai4.debug.xcconfig */,
				C8CCB2480D167B435A527B8D /* Pods-Kadai4.release.xcconfig */,
			);
			path = Pods;
			sourceTree = "<group>";
		};
		A6C26DCB2663701200D6CFCB = {
			isa = PBXGroup;
			children = (
				A6C26DD62663701200D6CFCB /* Kadai4 */,
				A6C26DD52663701200D6CFCB /* Products */,
				69CFFF6EFF705E92E8D36627 /* Pods */,
				CA9C99A4095F3E419A48A30C /* Frameworks */,
			);
			sourceTree = "<group>";
		};
		A6C26DD52663701200D6CFCB /* Products */ = {
			isa = PBXGroup;
			children = (
				A6C26DD42663701200D6CFCB /* Kadai4.app */,
			);
			name = Products;
			sourceTree = "<group>";
		};
		A6C26DD62663701200D6CFCB /* Kadai4 */ = {
			isa = PBXGroup;
			children = (
				A6C26DD72663701200D6CFCB /* AppDelegate.swift */,
				A6C26DD92663701200D6CFCB /* SceneDelegate.swift */,
				A6C26DDB2663701200D6CFCB /* ViewController.swift */,
				A6C26DDD2663701200D6CFCB /* Main.storyboard */,
				A6C26DE02663701600D6CFCB /* Assets.xcassets */,
				A6C26DE22663701600D6CFCB /* LaunchScreen.storyboard */,
				A6C26DE52663701600D6CFCB /* Info.plist */,
			);
			path = Kadai4;
			sourceTree = "<group>";
		};
		CA9C99A4095F3E419A48A30C /* Frameworks */ = {
			isa = PBXGroup;
			children = (
				BE9FB4A2195834E23A6CE824 /* Pods_Kadai4.framework */,
			);
			name = Frameworks;
			sourceTree = "<group>";
		};
/* End PBXGroup section */

/* Begin PBXNativeTarget section */
		A6C26DD32663701200D6CFCB /* Kadai4 */ = {
			isa = PBXNativeTarget;
			buildConfigurationList = A6C26DE82663701600D6CFCB /* Build configuration list for PBXNativeTarget "Kadai4" */;
			buildPhases = (
				8F271AF7711EE92E1A1DA29C /* [CP] Check Pods Manifest.lock */,
				A6C26DD02663701200D6CFCB /* Sources */,
				A6C26DD12663701200D6CFCB /* Frameworks */,
				A6C26DD22663701200D6CFCB /* Resources */,
				FEC498574B9EA1D1E4358BBB /* [CP] Embed Pods Frameworks */,
				A66C7C162664A9CA00BA2927 /* SwiftLint */,
			);
			buildRules = (
			);
			dependencies = (
			);
			name = Kadai4;
			productName = Kadai4;
			productReference = A6C26DD42663701200D6CFCB /* Kadai4.app */;
			productType = "com.apple.product-type.application";
		};
/* End PBXNativeTarget section */

/* Begin PBXProject section */
		A6C26DCC2663701200D6CFCB /* Project object */ = {
			isa = PBXProject;
			attributes = {
				LastSwiftUpdateCheck = 1250;
				LastUpgradeCheck = 1250;
				TargetAttributes = {
					A6C26DD32663701200D6CFCB = {
						CreatedOnToolsVersion = 12.5;
					};
				};
			};
			buildConfigurationList = A6C26DCF2663701200D6CFCB /* Build configuration list for PBXProject "Kadai4" */;
			compatibilityVersion = "Xcode 9.3";
			developmentRegion = en;
			hasScannedForEncodings = 0;
			knownRegions = (
				en,
				Base,
			);
			mainGroup = A6C26DCB2663701200D6CFCB;
			productRefGroup = A6C26DD52663701200D6CFCB /* Products */;
			projectDirPath = "";
			projectRoot = "";
			targets = (
				A6C26DD32663701200D6CFCB /* Kadai4 */,
			);
		};
/* End PBXProject section */

/* Begin PBXResourcesBuildPhase section */
		A6C26DD22663701200D6CFCB /* Resources */ = {
			isa = PBXResourcesBuildPhase;
			buildActionMask = 2147483647;
			files = (
				A6C26DE42663701600D6CFCB /* LaunchScreen.storyboard in Resources */,
				A6C26DE12663701600D6CFCB /* Assets.xcassets in Resources */,
				A6C26DDF2663701200D6CFCB /* Main.storyboard in Resources */,
			);
			runOnlyForDeploymentPostprocessing = 0;
		};
/* End PBXResourcesBuildPhase section */

/* Begin PBXShellScriptBuildPhase section */
		8F271AF7711EE92E1A1DA29C /* [CP] Check Pods Manifest.lock */ = {
			isa = PBXShellScriptBuildPhase;
			buildActionMask = 2147483647;
			files = (
			);
			inputFileListPaths = (
			);
			inputPaths = (
				"${PODS_PODFILE_DIR_PATH}/Podfile.lock",
				"${PODS_ROOT}/Manifest.lock",
			);
			name = "[CP] Check Pods Manifest.lock";
			outputFileListPaths = (
			);
			outputPaths = (
				"$(DERIVED_FILE_DIR)/Pods-Kadai4-checkManifestLockResult.txt",
			);
			runOnlyForDeploymentPostprocessing = 0;
			shellPath = /bin/sh;
			shellScript = "diff \"${PODS_PODFILE_DIR_PATH}/Podfile.lock\" \"${PODS_ROOT}/Manifest.lock\" > /dev/null\nif [ $? != 0 ] ; then\n    # print error to STDERR\n    echo \"error: The sandbox is not in sync with the Podfile.lock. Run 'pod install' or update your CocoaPods installation.\" >&2\n    exit 1\nfi\n# This output is used by Xcode 'outputs' to avoid re-running this script phase.\necho \"SUCCESS\" > \"${SCRIPT_OUTPUT_FILE_0}\"\n";
			showEnvVarsInLog = 0;
		};
		A66C7C162664A9CA00BA2927 /* SwiftLint */ = {
			isa = PBXShellScriptBuildPhase;
			buildActionMask = 2147483647;
			files = (
			);
			inputFileListPaths = (
			);
			inputPaths = (
			);
			name = SwiftLint;
			outputFileListPaths = (
			);
			outputPaths = (
			);
			runOnlyForDeploymentPostprocessing = 0;
			shellPath = /bin/sh;
			shellScript = "if which swiftlint >/dev/null; then\n  swiftlint\nelse\n  echo \"warning: SwiftLint not installed, download from https://github.com/realm/SwiftLint\"\nfi\n";
		};
		FEC498574B9EA1D1E4358BBB /* [CP] Embed Pods Frameworks */ = {
			isa = PBXShellScriptBuildPhase;
			buildActionMask = 2147483647;
			files = (
			);
			inputFileListPaths = (
				"${PODS_ROOT}/Target Support Files/Pods-Kadai4/Pods-Kadai4-frameworks-${CONFIGURATION}-input-files.xcfilelist",
			);
			name = "[CP] Embed Pods Frameworks";
			outputFileListPaths = (
				"${PODS_ROOT}/Target Support Files/Pods-Kadai4/Pods-Kadai4-frameworks-${CONFIGURATION}-output-files.xcfilelist",
			);
			runOnlyForDeploymentPostprocessing = 0;
			shellPath = /bin/sh;
			shellScript = "\"${PODS_ROOT}/Target Support Files/Pods-Kadai4/Pods-Kadai4-frameworks.sh\"\n";
			showEnvVarsInLog = 0;
		};
/* End PBXShellScriptBuildPhase section */

/* Begin PBXSourcesBuildPhase section */
		A6C26DD02663701200D6CFCB /* Sources */ = {
			isa = PBXSourcesBuildPhase;
			buildActionMask = 2147483647;
			files = (
				A6C26DDC2663701200D6CFCB /* ViewController.swift in Sources */,
				A6C26DD82663701200D6CFCB /* AppDelegate.swift in Sources */,
				A6C26DDA2663701200D6CFCB /* SceneDelegate.swift in Sources */,
			);
			runOnlyForDeploymentPostprocessing = 0;
		};
/* End PBXSourcesBuildPhase section */

/* Begin PBXVariantGroup section */
		A6C26DDD2663701200D6CFCB /* Main.storyboard */ = {
			isa = PBXVariantGroup;
			children = (
				A6C26DDE2663701200D6CFCB /* Base */,
			);
			name = Main.storyboard;
			sourceTree = "<group>";
		};
		A6C26DE22663701600D6CFCB /* LaunchScreen.storyboard */ = {
			isa = PBXVariantGroup;
			children = (
				A6C26DE32663701600D6CFCB /* Base */,
			);
			name = LaunchScreen.storyboard;
			sourceTree = "<group>";
		};
/* End PBXVariantGroup section */

/* Begin XCBuildConfiguration section */
		A6C26DE62663701600D6CFCB /* Debug */ = {
			isa = XCBuildConfiguration;
			buildSettings = {
				ALWAYS_SEARCH_USER_PATHS = NO;
				CLANG_ANALYZER_NONNULL = YES;
				CLANG_ANALYZER_NUMBER_OBJECT_CONVERSION = YES_AGGRESSIVE;
				CLANG_CXX_LANGUAGE_STANDARD = "gnu++14";
				CLANG_CXX_LIBRARY = "libc++";
				CLANG_ENABLE_MODULES = YES;
				CLANG_ENABLE_OBJC_ARC = YES;
				CLANG_ENABLE_OBJC_WEAK = YES;
				CLANG_WARN_BLOCK_CAPTURE_AUTORELEASING = YES;
				CLANG_WARN_BOOL_CONVERSION = YES;
				CLANG_WARN_COMMA = YES;
				CLANG_WARN_CONSTANT_CONVERSION = YES;
				CLANG_WARN_DEPRECATED_OBJC_IMPLEMENTATIONS = YES;
				CLANG_WARN_DIRECT_OBJC_ISA_USAGE = YES_ERROR;
				CLANG_WARN_DOCUMENTATION_COMMENTS = YES;
				CLANG_WARN_EMPTY_BODY = YES;
				CLANG_WARN_ENUM_CONVERSION = YES;
				CLANG_WARN_INFINITE_RECURSION = YES;
				CLANG_WARN_INT_CONVERSION = YES;
				CLANG_WARN_NON_LITERAL_NULL_CONVERSION = YES;
				CLANG_WARN_OBJC_IMPLICIT_RETAIN_SELF = YES;
				CLANG_WARN_OBJC_LITERAL_CONVERSION = YES;
				CLANG_WARN_OBJC_ROOT_CLASS = YES_ERROR;
				CLANG_WARN_QUOTED_INCLUDE_IN_FRAMEWORK_HEADER = YES;
				CLANG_WARN_RANGE_LOOP_ANALYSIS = YES;
				CLANG_WARN_STRICT_PROTOTYPES = YES;
				CLANG_WARN_SUSPICIOUS_MOVE = YES;
				CLANG_WARN_UNGUARDED_AVAILABILITY = YES_AGGRESSIVE;
				CLANG_WARN_UNREACHABLE_CODE = YES;
				CLANG_WARN__DUPLICATE_METHOD_MATCH = YES;
				COPY_PHASE_STRIP = NO;
				DEBUG_INFORMATION_FORMAT = dwarf;
				ENABLE_STRICT_OBJC_MSGSEND = YES;
				ENABLE_TESTABILITY = YES;
				GCC_C_LANGUAGE_STANDARD = gnu11;
				GCC_DYNAMIC_NO_PIC = NO;
				GCC_NO_COMMON_BLOCKS = YES;
				GCC_OPTIMIZATION_LEVEL = 0;
				GCC_PREPROCESSOR_DEFINITIONS = (
					"DEBUG=1",
					"$(inherited)",
				);
				GCC_WARN_64_TO_32_BIT_CONVERSION = YES;
				GCC_WARN_ABOUT_RETURN_TYPE = YES_ERROR;
				GCC_WARN_UNDECLARED_SELECTOR = YES;
				GCC_WARN_UNINITIALIZED_AUTOS = YES_AGGRESSIVE;
				GCC_WARN_UNUSED_FUNCTION = YES;
				GCC_WARN_UNUSED_VARIABLE = YES;
				IPHONEOS_DEPLOYMENT_TARGET = 14.5;
				MTL_ENABLE_DEBUG_INFO = INCLUDE_SOURCE;
				MTL_FAST_MATH = YES;
				ONLY_ACTIVE_ARCH = YES;
				SDKROOT = iphoneos;
				SWIFT_ACTIVE_COMPILATION_CONDITIONS = DEBUG;
				SWIFT_OPTIMIZATION_LEVEL = "-Onone";
			};
			name = Debug;
		};
		A6C26DE72663701600D6CFCB /* Release */ = {
			isa = XCBuildConfiguration;
			buildSettings = {
				ALWAYS_SEARCH_USER_PATHS = NO;
				CLANG_ANALYZER_NONNULL = YES;
				CLANG_ANALYZER_NUMBER_OBJECT_CONVERSION = YES_AGGRESSIVE;
				CLANG_CXX_LANGUAGE_STANDARD = "gnu++14";
				CLANG_CXX_LIBRARY = "libc++";
				CLANG_ENABLE_MODULES = YES;
				CLANG_ENABLE_OBJC_ARC = YES;
				CLANG_ENABLE_OBJC_WEAK = YES;
				CLANG_WARN_BLOCK_CAPTURE_AUTORELEASING = YES;
				CLANG_WARN_BOOL_CONVERSION = YES;
				CLANG_WARN_COMMA = YES;
				CLANG_WARN_CONSTANT_CONVERSION = YES;
				CLANG_WARN_DEPRECATED_OBJC_IMPLEMENTATIONS = YES;
				CLANG_WARN_DIRECT_OBJC_ISA_USAGE = YES_ERROR;
				CLANG_WARN_DOCUMENTATION_COMMENTS = YES;
				CLANG_WARN_EMPTY_BODY = YES;
				CLANG_WARN_ENUM_CONVERSION = YES;
				CLANG_WARN_INFINITE_RECURSION = YES;
				CLANG_WARN_INT_CONVERSION = YES;
				CLANG_WARN_NON_LITERAL_NULL_CONVERSION = YES;
				CLANG_WARN_OBJC_IMPLICIT_RETAIN_SELF = YES;
				CLANG_WARN_OBJC_LITERAL_CONVERSION = YES;
				CLANG_WARN_OBJC_ROOT_CLASS = YES_ERROR;
				CLANG_WARN_QUOTED_INCLUDE_IN_FRAMEWORK_HEADER = YES;
				CLANG_WARN_RANGE_LOOP_ANALYSIS = YES;
				CLANG_WARN_STRICT_PROTOTYPES = YES;
				CLANG_WARN_SUSPICIOUS_MOVE = YES;
				CLANG_WARN_UNGUARDED_AVAILABILITY = YES_AGGRESSIVE;
				CLANG_WARN_UNREACHABLE_CODE = YES;
				CLANG_WARN__DUPLICATE_METHOD_MATCH = YES;
				COPY_PHASE_STRIP = NO;
				DEBUG_INFORMATION_FORMAT = "dwarf-with-dsym";
				ENABLE_NS_ASSERTIONS = NO;
				ENABLE_STRICT_OBJC_MSGSEND = YES;
				GCC_C_LANGUAGE_STANDARD = gnu11;
				GCC_NO_COMMON_BLOCKS = YES;
				GCC_WARN_64_TO_32_BIT_CONVERSION = YES;
				GCC_WARN_ABOUT_RETURN_TYPE = YES_ERROR;
				GCC_WARN_UNDECLARED_SELECTOR = YES;
				GCC_WARN_UNINITIALIZED_AUTOS = YES_AGGRESSIVE;
				GCC_WARN_UNUSED_FUNCTION = YES;
				GCC_WARN_UNUSED_VARIABLE = YES;
				IPHONEOS_DEPLOYMENT_TARGET = 14.5;
				MTL_ENABLE_DEBUG_INFO = NO;
				MTL_FAST_MATH = YES;
				SDKROOT = iphoneos;
				SWIFT_COMPILATION_MODE = wholemodule;
				SWIFT_OPTIMIZATION_LEVEL = "-O";
				VALIDATE_PRODUCT = YES;
			};
			name = Release;
		};
		A6C26DE92663701600D6CFCB /* Debug */ = {
			isa = XCBuildConfiguration;
			baseConfigurationReference = ABADFAF3E665C1B19B36C9E4 /* Pods-Kadai4.debug.xcconfig */;
			buildSettings = {
				ASSETCATALOG_COMPILER_APPICON_NAME = AppIcon;
				ASSETCATALOG_COMPILER_GLOBAL_ACCENT_COLOR_NAME = AccentColor;
				CODE_SIGN_STYLE = Automatic;
				INFOPLIST_FILE = Kadai4/Info.plist;
				LD_RUNPATH_SEARCH_PATHS = (
					"$(inherited)",
					"@executable_path/Frameworks",
				);
				PRODUCT_BUNDLE_IDENTIFIER = com.gmail.daikiumehara3.Kadai4;
				PRODUCT_NAME = "$(TARGET_NAME)";
				SWIFT_VERSION = 5.0;
				TARGETED_DEVICE_FAMILY = "1,2";
			};
			name = Debug;
		};
		A6C26DEA2663701600D6CFCB /* Release */ = {
			isa = XCBuildConfiguration;
			baseConfigurationReference = C8CCB2480D167B435A527B8D /* Pods-Kadai4.release.xcconfig */;
			buildSettings = {
				ASSETCATALOG_COMPILER_APPICON_NAME = AppIcon;
				ASSETCATALOG_COMPILER_GLOBAL_ACCENT_COLOR_NAME = AccentColor;
				CODE_SIGN_STYLE = Automatic;
				INFOPLIST_FILE = Kadai4/Info.plist;
				LD_RUNPATH_SEARCH_PATHS = (
					"$(inherited)",
					"@executable_path/Frameworks",
				);
				PRODUCT_BUNDLE_IDENTIFIER = com.gmail.daikiumehara3.Kadai4;
				PRODUCT_NAME = "$(TARGET_NAME)";
				SWIFT_VERSION = 5.0;
				TARGETED_DEVICE_FAMILY = "1,2";
			};
			name = Release;
		};
/* End XCBuildConfiguration section */

/* Begin XCConfigurationList section */
		A6C26DCF2663701200D6CFCB /* Build configuration list for PBXProject "Kadai4" */ = {
			isa = XCConfigurationList;
			buildConfigurations = (
				A6C26DE62663701600D6CFCB /* Debug */,
				A6C26DE72663701600D6CFCB /* Release */,
			);
			defaultConfigurationIsVisible = 0;
			defaultConfigurationName = Release;
		};
		A6C26DE82663701600D6CFCB /* Build configuration list for PBXNativeTarget "Kadai4" */ = {
			isa = XCConfigurationList;
			buildConfigurations = (
				A6C26DE92663701600D6CFCB /* Debug */,
				A6C26DEA2663701600D6CFCB /* Release */,
			);
			defaultConfigurationIsVisible = 0;
			defaultConfigurationName = Release;
		};
/* End XCConfigurationList section */
	};
	rootObject = A6C26DCC2663701200D6CFCB /* Project object */;
}
